// !$*UTF8*$!
{
	archiveVersion = 1;
	classes = {
	};
	objectVersion = 46;
	objects = {

/* Begin PBXBuildFile section */
		717229951C097A92003ED793 /* main.m in Sources */ = {isa = PBXBuildFile; fileRef = 717229941C097A92003ED793 /* main.m */; };
		717229981C097A92003ED793 /* AppDelegate.m in Sources */ = {isa = PBXBuildFile; fileRef = 717229971C097A92003ED793 /* AppDelegate.m */; };
		7172299B1C097A92003ED793 /* CoreData.xcdatamodeld in Sources */ = {isa = PBXBuildFile; fileRef = 717229991C097A92003ED793 /* CoreData.xcdatamodeld */; };
		717229A11C097A92003ED793 /* Main.storyboard in Resources */ = {isa = PBXBuildFile; fileRef = 7172299F1C097A92003ED793 /* Main.storyboard */; };
		717229A31C097A92003ED793 /* Images.xcassets in Resources */ = {isa = PBXBuildFile; fileRef = 717229A21C097A92003ED793 /* Images.xcassets */; };
		717229A61C097A92003ED793 /* LaunchScreen.xib in Resources */ = {isa = PBXBuildFile; fileRef = 717229A41C097A92003ED793 /* LaunchScreen.xib */; };
		717229B21C097A92003ED793 /* CoreDataTests.m in Sources */ = {isa = PBXBuildFile; fileRef = 717229B11C097A92003ED793 /* CoreDataTests.m */; };
		717229BD1C098104003ED793 /* ContacListVC.m in Sources */ = {isa = PBXBuildFile; fileRef = 717229BC1C098104003ED793 /* ContacListVC.m */; };
		717229C01C098124003ED793 /* ContactDetailsVC.m in Sources */ = {isa = PBXBuildFile; fileRef = 717229BF1C098124003ED793 /* ContactDetailsVC.m */; };
		717229C31C09B925003ED793 /* SubjectEntryFormVC.m in Sources */ = {isa = PBXBuildFile; fileRef = 717229C21C09B925003ED793 /* SubjectEntryFormVC.m */; };
		717229C61C09B941003ED793 /* AverageCalculator.m in Sources */ = {isa = PBXBuildFile; fileRef = 717229C51C09B941003ED793 /* AverageCalculator.m */; };
/* End PBXBuildFile section */

/* Begin PBXContainerItemProxy section */
		717229AC1C097A92003ED793 /* PBXContainerItemProxy */ = {
			isa = PBXContainerItemProxy;
			containerPortal = 717229871C097A92003ED793 /* Project object */;
			proxyType = 1;
			remoteGlobalIDString = 7172298E1C097A92003ED793;
			remoteInfo = CoreData;
		};
/* End PBXContainerItemProxy section */

/* Begin PBXFileReference section */
		7172298F1C097A92003ED793 /* CoreData.app */ = {isa = PBXFileReference; explicitFileType = wrapper.application; includeInIndex = 0; path = CoreData.app; sourceTree = BUILT_PRODUCTS_DIR; };
		717229931C097A92003ED793 /* Info.plist */ = {isa = PBXFileReference; lastKnownFileType = text.plist.xml; path = Info.plist; sourceTree = "<group>"; };
		717229941C097A92003ED793 /* main.m */ = {isa = PBXFileReference; lastKnownFileType = sourcecode.c.objc; path = main.m; sourceTree = "<group>"; };
		717229961C097A92003ED793 /* AppDelegate.h */ = {isa = PBXFileReference; lastKnownFileType = sourcecode.c.h; path = AppDelegate.h; sourceTree = "<group>"; };
		717229971C097A92003ED793 /* AppDelegate.m */ = {isa = PBXFileReference; lastKnownFileType = sourcecode.c.objc; path = AppDelegate.m; sourceTree = "<group>"; };
		7172299A1C097A92003ED793 /* CoreData.xcdatamodel */ = {isa = PBXFileReference; lastKnownFileType = wrapper.xcdatamodel; path = CoreData.xcdatamodel; sourceTree = "<group>"; };
		717229A01C097A92003ED793 /* Base */ = {isa = PBXFileReference; lastKnownFileType = file.storyboard; name = Base; path = Base.lproj/Main.storyboard; sourceTree = "<group>"; };
		717229A21C097A92003ED793 /* Images.xcassets */ = {isa = PBXFileReference; lastKnownFileType = folder.assetcatalog; path = Images.xcassets; sourceTree = "<group>"; };
		717229A51C097A92003ED793 /* Base */ = {isa = PBXFileReference; lastKnownFileType = file.xib; name = Base; path = Base.lproj/LaunchScreen.xib; sourceTree = "<group>"; };
		717229AB1C097A92003ED793 /* CoreDataTests.xctest */ = {isa = PBXFileReference; explicitFileType = wrapper.cfbundle; includeInIndex = 0; path = CoreDataTests.xctest; sourceTree = BUILT_PRODUCTS_DIR; };
		717229B01C097A92003ED793 /* Info.plist */ = {isa = PBXFileReference; lastKnownFileType = text.plist.xml; path = Info.plist; sourceTree = "<group>"; };
		717229B11C097A92003ED793 /* CoreDataTests.m */ = {isa = PBXFileReference; lastKnownFileType = sourcecode.c.objc; path = CoreDataTests.m; sourceTree = "<group>"; };
		717229BB1C098104003ED793 /* ContacListVC.h */ = {isa = PBXFileReference; fileEncoding = 4; lastKnownFileType = sourcecode.c.h; path = ContacListVC.h; sourceTree = "<group>"; };
		717229BC1C098104003ED793 /* ContacListVC.m */ = {isa = PBXFileReference; fileEncoding = 4; lastKnownFileType = sourcecode.c.objc; path = ContacListVC.m; sourceTree = "<group>"; };
		717229BE1C098124003ED793 /* ContactDetailsVC.h */ = {isa = PBXFileReference; fileEncoding = 4; lastKnownFileType = sourcecode.c.h; path = ContactDetailsVC.h; sourceTree = "<group>"; };
		717229BF1C098124003ED793 /* ContactDetailsVC.m */ = {isa = PBXFileReference; fileEncoding = 4; lastKnownFileType = sourcecode.c.objc; path = ContactDetailsVC.m; sourceTree = "<group>"; };
		717229C11C09B925003ED793 /* SubjectEntryFormVC.h */ = {isa = PBXFileReference; fileEncoding = 4; lastKnownFileType = sourcecode.c.h; path = SubjectEntryFormVC.h; sourceTree = "<group>"; };
		717229C21C09B925003ED793 /* SubjectEntryFormVC.m */ = {isa = PBXFileReference; fileEncoding = 4; lastKnownFileType = sourcecode.c.objc; path = SubjectEntryFormVC.m; sourceTree = "<group>"; };
		717229C41C09B941003ED793 /* AverageCalculator.h */ = {isa = PBXFileReference; fileEncoding = 4; lastKnownFileType = sourcecode.c.h; path = AverageCalculator.h; sourceTree = "<group>"; };
		717229C51C09B941003ED793 /* AverageCalculator.m */ = {isa = PBXFileReference; fileEncoding = 4; lastKnownFileType = sourcecode.c.objc; path = AverageCalculator.m; sourceTree = "<group>"; };
/* End PBXFileReference section */

/* Begin PBXFrameworksBuildPhase section */
		7172298C1C097A92003ED793 /* Frameworks */ = {
			isa = PBXFrameworksBuildPhase;
			buildActionMask = 2147483647;
			files = (
			);
			runOnlyForDeploymentPostprocessing = 0;
		};
		717229A81C097A92003ED793 /* Frameworks */ = {
			isa = PBXFrameworksBuildPhase;
			buildActionMask = 2147483647;
			files = (
			);
			runOnlyForDeploymentPostprocessing = 0;
		};
/* End PBXFrameworksBuildPhase section */

/* Begin PBXGroup section */
		717229861C097A92003ED793 = {
			isa = PBXGroup;
			children = (
				717229911C097A92003ED793 /* CoreData */,
				717229AE1C097A92003ED793 /* CoreDataTests */,
				717229901C097A92003ED793 /* Products */,
			);
			sourceTree = "<group>";
		};
		717229901C097A92003ED793 /* Products */ = {
			isa = PBXGroup;
			children = (
				7172298F1C097A92003ED793 /* CoreData.app */,
				717229AB1C097A92003ED793 /* CoreDataTests.xctest */,
			);
			name = Products;
			sourceTree = "<group>";
		};
		717229911C097A92003ED793 /* CoreData */ = {
			isa = PBXGroup;
			children = (
				717229961C097A92003ED793 /* AppDelegate.h */,
				717229971C097A92003ED793 /* AppDelegate.m */,
				717229BB1C098104003ED793 /* ContacListVC.h */,
				717229BC1C098104003ED793 /* ContacListVC.m */,
				717229BE1C098124003ED793 /* ContactDetailsVC.h */,
				717229BF1C098124003ED793 /* ContactDetailsVC.m */,
				717229C11C09B925003ED793 /* SubjectEntryFormVC.h */,
				717229C21C09B925003ED793 /* SubjectEntryFormVC.m */,
				717229C41C09B941003ED793 /* AverageCalculator.h */,
				717229C51C09B941003ED793 /* AverageCalculator.m */,
				7172299F1C097A92003ED793 /* Main.storyboard */,
				717229A21C097A92003ED793 /* Images.xcassets */,
				717229A41C097A92003ED793 /* LaunchScreen.xib */,
				717229991C097A92003ED793 /* CoreData.xcdatamodeld */,
				717229921C097A92003ED793 /* Supporting Files */,
			);
			path = CoreData;
			sourceTree = "<group>";
		};
		717229921C097A92003ED793 /* Supporting Files */ = {
			isa = PBXGroup;
			children = (
				717229931C097A92003ED793 /* Info.plist */,
				717229941C097A92003ED793 /* main.m */,
			);
			name = "Supporting Files";
			sourceTree = "<group>";
		};
		717229AE1C097A92003ED793 /* CoreDataTests */ = {
			isa = PBXGroup;
			children = (
				717229B11C097A92003ED793 /* CoreDataTests.m */,
				717229AF1C097A92003ED793 /* Supporting Files */,
			);
			path = CoreDataTests;
			sourceTree = "<group>";
		};
		717229AF1C097A92003ED793 /* Supporting Files */ = {
			isa = PBXGroup;
			children = (
				717229B01C097A92003ED793 /* Info.plist */,
			);
			name = "Supporting Files";
			sourceTree = "<group>";
		};
/* End PBXGroup section */

/* Begin PBXNativeTarget section */
		7172298E1C097A92003ED793 /* CoreData */ = {
			isa = PBXNativeTarget;
			buildConfigurationList = 717229B51C097A92003ED793 /* Build configuration list for PBXNativeTarget "CoreData" */;
			buildPhases = (
				7172298B1C097A92003ED793 /* Sources */,
				7172298C1C097A92003ED793 /* Frameworks */,
				7172298D1C097A92003ED793 /* Resources */,
			);
			buildRules = (
			);
			dependencies = (
			);
			name = CoreData;
			productName = CoreData;
			productReference = 7172298F1C097A92003ED793 /* CoreData.app */;
			productType = "com.apple.product-type.application";
		};
		717229AA1C097A92003ED793 /* CoreDataTests */ = {
			isa = PBXNativeTarget;
			buildConfigurationList = 717229B81C097A92003ED793 /* Build configuration list for PBXNativeTarget "CoreDataTests" */;
			buildPhases = (
				717229A71C097A92003ED793 /* Sources */,
				717229A81C097A92003ED793 /* Frameworks */,
				717229A91C097A92003ED793 /* Resources */,
			);
			buildRules = (
			);
			dependencies = (
				717229AD1C097A92003ED793 /* PBXTargetDependency */,
			);
			name = CoreDataTests;
			productName = CoreDataTests;
			productReference = 717229AB1C097A92003ED793 /* CoreDataTests.xctest */;
			productType = "com.apple.product-type.bundle.unit-test";
		};
/* End PBXNativeTarget section */

/* Begin PBXProject section */
		717229871C097A92003ED793 /* Project object */ = {
			isa = PBXProject;
			attributes = {
				LastUpgradeCheck = 0640;
				ORGANIZATIONNAME = "Orbgen Technologies pvt. ltd";
				TargetAttributes = {
					7172298E1C097A92003ED793 = {
						CreatedOnToolsVersion = 6.4;
					};
					717229AA1C097A92003ED793 = {
						CreatedOnToolsVersion = 6.4;
						TestTargetID = 7172298E1C097A92003ED793;
					};
				};
			};
			buildConfigurationList = 7172298A1C097A92003ED793 /* Build configuration list for PBXProject "CoreData" */;
			compatibilityVersion = "Xcode 3.2";
			developmentRegion = English;
			hasScannedForEncodings = 0;
			knownRegions = (
				en,
				Base,
			);
			mainGroup = 717229861C097A92003ED793;
			productRefGroup = 717229901C097A92003ED793 /* Products */;
			projectDirPath = "";
			projectRoot = "";
			targets = (
				7172298E1C097A92003ED793 /* CoreData */,
				717229AA1C097A92003ED793 /* CoreDataTests */,
			);
		};
/* End PBXProject section */

/* Begin PBXResourcesBuildPhase section */
		7172298D1C097A92003ED793 /* Resources */ = {
			isa = PBXResourcesBuildPhase;
			buildActionMask = 2147483647;
			files = (
				717229A11C097A92003ED793 /* Main.storyboard in Resources */,
				717229A61C097A92003ED793 /* LaunchScreen.xib in Resources */,
				717229A31C097A92003ED793 /* Images.xcassets in Resources */,
			);
			runOnlyForDeploymentPostprocessing = 0;
		};
		717229A91C097A92003ED793 /* Resources */ = {
			isa = PBXResourcesBuildPhase;
			buildActionMask = 2147483647;
			files = (
			);
			runOnlyForDeploymentPostprocessing = 0;
		};
/* End PBXResourcesBuildPhase section */

/* Begin PBXSourcesBuildPhase section */
		7172298B1C097A92003ED793 /* Sources */ = {
			isa = PBXSourcesBuildPhase;
			buildActionMask = 2147483647;
			files = (
				717229981C097A92003ED793 /* AppDelegate.m in Sources */,
				717229C01C098124003ED793 /* ContactDetailsVC.m in Sources */,
				717229C31C09B925003ED793 /* SubjectEntryFormVC.m in Sources */,
				717229951C097A92003ED793 /* main.m in Sources */,
				717229BD1C098104003ED793 /* ContacListVC.m in Sources */,
				717229C61C09B941003ED793 /* AverageCalculator.m in Sources */,
				7172299B1C097A92003ED793 /* CoreData.xcdatamodeld in Sources */,
			);
			runOnlyForDeploymentPostprocessing = 0;
		};
		717229A71C097A92003ED793 /* Sources */ = {
			isa = PBXSourcesBuildPhase;
			buildActionMask = 2147483647;
			files = (
				717229B21C097A92003ED793 /* CoreDataTests.m in Sources */,
			);
			runOnlyForDeploymentPostprocessing = 0;
		};
/* End PBXSourcesBuildPhase section */

/* Begin PBXTargetDependency section */
		717229AD1C097A92003ED793 /* PBXTargetDependency */ = {
			isa = PBXTargetDependency;
			target = 7172298E1C097A92003ED793 /* CoreData */;
			targetProxy = 717229AC1C097A92003ED793 /* PBXContainerItemProxy */;
		};
/* End PBXTargetDependency section */

/* Begin PBXVariantGroup section */
		7172299F1C097A92003ED793 /* Main.storyboard */ = {
			isa = PBXVariantGroup;
			children = (
				717229A01C097A92003ED793 /* Base */,
			);
			name = Main.storyboard;
			sourceTree = "<group>";
		};
		717229A41C097A92003ED793 /* LaunchScreen.xib */ = {
			isa = PBXVariantGroup;
			children = (
				717229A51C097A92003ED793 /* Base */,
			);
			name = LaunchScreen.xib;
			sourceTree = "<group>";
		};
/* End PBXVariantGroup section */

/* Begin XCBuildConfiguration section */
		717229B31C097A92003ED793 /* Debug */ = {
			isa = XCBuildConfiguration;
			buildSettings = {
				ALWAYS_SEARCH_USER_PATHS = NO;
				CLANG_CXX_LANGUAGE_STANDARD = "gnu++0x";
				CLANG_CXX_LIBRARY = "libc++";
				CLANG_ENABLE_MODULES = YES;
				CLANG_ENABLE_OBJC_ARC = YES;
				CLANG_WARN_BOOL_CONVERSION = YES;
				CLANG_WARN_CONSTANT_CONVERSION = YES;
				CLANG_WARN_DIRECT_OBJC_ISA_USAGE = YES_ERROR;
				CLANG_WARN_EMPTY_BODY = YES;
				CLANG_WARN_ENUM_CONVERSION = YES;
				CLANG_WARN_INT_CONVERSION = YES;
				CLANG_WARN_OBJC_ROOT_CLASS = YES_ERROR;
				CLANG_WARN_UNREACHABLE_CODE = YES;
				CLANG_WARN__DUPLICATE_METHOD_MATCH = YES;
				"CODE_SIGN_IDENTITY[sdk=iphoneos*]" = "iPhone Developer";
				COPY_PHASE_STRIP = NO;
				DEBUG_INFORMATION_FORMAT = "dwarf-with-dsym";
				ENABLE_STRICT_OBJC_MSGSEND = YES;
				GCC_C_LANGUAGE_STANDARD = gnu99;
				GCC_DYNAMIC_NO_PIC = NO;
				GCC_NO_COMMON_BLOCKS = YES;
				GCC_OPTIMIZATION_LEVEL = 0;
				GCC_PREPROCESSOR_DEFINITIONS = (
					"DEBUG=1",
					"$(inherited)",
				);
				GCC_SYMBOLS_PRIVATE_EXTERN = NO;
				GCC_WARN_64_TO_32_BIT_CONVERSION = YES;
				GCC_WARN_ABOUT_RETURN_TYPE = YES_ERROR;
				GCC_WARN_UNDECLARED_SELECTOR = YES;
				GCC_WARN_UNINITIALIZED_AUTOS = YES_AGGRESSIVE;
				GCC_WARN_UNUSED_FUNCTION = YES;
				GCC_WARN_UNUSED_VARIABLE = YES;
				IPHONEOS_DEPLOYMENT_TARGET = 8.4;
				MTL_ENABLE_DEBUG_INFO = YES;
				ONLY_ACTIVE_ARCH = YES;
				SDKROOT = iphoneos;
			};
			name = Debug;
		};
		717229B41C097A92003ED793 /* Release */ = {
			isa = XCBuildConfiguration;
			buildSettings = {
				ALWAYS_SEARCH_USER_PATHS = NO;
				CLANG_CXX_LANGUAGE_STANDARD = "gnu++0x";
				CLANG_CXX_LIBRARY = "libc++";
				CLANG_ENABLE_MODULES = YES;
				CLANG_ENABLE_OBJC_ARC = YES;
				CLANG_WARN_BOOL_CONVERSION = YES;
				CLANG_WARN_CONSTANT_CONVERSION = YES;
				CLANG_WARN_DIRECT_OBJC_ISA_USAGE = YES_ERROR;
				CLANG_WARN_EMPTY_BODY = YES;
				CLANG_WARN_ENUM_CONVERSION = YES;
				CLANG_WARN_INT_CONVERSION = YES;
				CLANG_WARN_OBJC_ROOT_CLASS = YES_ERROR;
				CLANG_WARN_UNREACHABLE_CODE = YES;
				CLANG_WARN__DUPLICATE_METHOD_MATCH = YES;
				"CODE_SIGN_IDENTITY[sdk=iphoneos*]" = "iPhone Developer";
				COPY_PHASE_STRIP = NO;
				DEBUG_INFORMATION_FORMAT = "dwarf-with-dsym";
				ENABLE_NS_ASSERTIONS = NO;
				ENABLE_STRICT_OBJC_MSGSEND = YES;
				GCC_C_LANGUAGE_STANDARD = gnu99;
				GCC_NO_COMMON_BLOCKS = YES;
				GCC_WARN_64_TO_32_BIT_CONVERSION = YES;
				GCC_WARN_ABOUT_RETURN_TYPE = YES_ERROR;
				GCC_WARN_UNDECLARED_SELECTOR = YES;
				GCC_WARN_UNINITIALIZED_AUTOS = YES_AGGRESSIVE;
				GCC_WARN_UNUSED_FUNCTION = YES;
				GCC_WARN_UNUSED_VARIABLE = YES;
				IPHONEOS_DEPLOYMENT_TARGET = 8.4;
				MTL_ENABLE_DEBUG_INFO = NO;
				SDKROOT = iphoneos;
				VALIDATE_PRODUCT = YES;
			};
			name = Release;
		};
		717229B61C097A92003ED793 /* Debug */ = {
			isa = XCBuildConfiguration;
			buildSettings = {
				ASSETCATALOG_COMPILER_APPICON_NAME = AppIcon;
				INFOPLIST_FILE = CoreData/Info.plist;
				IPHONEOS_DEPLOYMENT_TARGET = 6.0;
				LD_RUNPATH_SEARCH_PATHS = "$(inherited) @executable_path/Frameworks";
				PRODUCT_NAME = "$(TARGET_NAME)";
			};
			name = Debug;
		};
		717229B71C097A92003ED793 /* Release */ = {
			isa = XCBuildConfiguration;
			buildSettings = {
				ASSETCATALOG_COMPILER_APPICON_NAME = AppIcon;
				INFOPLIST_FILE = CoreData/Info.plist;
				IPHONEOS_DEPLOYMENT_TARGET = 6.0;
				LD_RUNPATH_SEARCH_PATHS = "$(inherited) @executable_path/Frameworks";
				PRODUCT_NAME = "$(TARGET_NAME)";
			};
			name = Release;
		};
		717229B91C097A92003ED793 /* Debug */ = {
			isa = XCBuildConfiguration;
			buildSettings = {
				BUNDLE_LOADER = "$(TEST_HOST)";
				FRAMEWORK_SEARCH_PATHS = (
					"$(SDKROOT)/Developer/Library/Frameworks",
					"$(inherited)",
				);
				GCC_PREPROCESSOR_DEFINITIONS = (
					"DEBUG=1",
					"$(inherited)",
				);
				INFOPLIST_FILE = CoreDataTests/Info.plist;
				LD_RUNPATH_SEARCH_PATHS = "$(inherited) @executable_path/Frameworks @loader_path/Frameworks";
				PRODUCT_NAME = "$(TARGET_NAME)";
				TEST_HOST = "$(BUILT_PRODUCTS_DIR)/CoreData.app/CoreData";
			};
			name = Debug;
		};
		717229BA1C097A92003ED793 /* Release */ = {
			isa = XCBuildConfiguration;
			buildSettings = {
				BUNDLE_LOADER = "$(TEST_HOST)";
				FRAMEWORK_SEARCH_PATHS = (
					"$(SDKROOT)/Developer/Library/Frameworks",
					"$(inherited)",
				);
				INFOPLIST_FILE = CoreDataTests/Info.plist;
				LD_RUNPATH_SEARCH_PATHS = "$(inherited) @executable_path/Frameworks @loader_path/Frameworks";
				PRODUCT_NAME = "$(TARGET_NAME)";
				TEST_HOST = "$(BUILT_PRODUCTS_DIR)/CoreData.app/CoreData";
			};
			name = Release;
		};
/* End XCBuildConfiguration section */

/* Begin XCConfigurationList section */
		7172298A1C097A92003ED793 /* Build configuration list for PBXProject "CoreData" */ = {
			isa = XCConfigurationList;
			buildConfigurations = (
				717229B31C097A92003ED793 /* Debug */,
				717229B41C097A92003ED793 /* Release */,
			);
			defaultConfigurationIsVisible = 0;
			defaultConfigurationName = Release;
		};
		717229B51C097A92003ED793 /* Build configuration list for PBXNativeTarget "CoreData" */ = {
			isa = XCConfigurationList;
			buildConfigurations = (
				717229B61C097A92003ED793 /* Debug */,
				717229B71C097A92003ED793 /* Release */,
			);
			defaultConfigurationIsVisible = 0;
			defaultConfigurationName = Release;
		};
		717229B81C097A92003ED793 /* Build configuration list for PBXNativeTarget "CoreDataTests" */ = {
			isa = XCConfigurationList;
			buildConfigurations = (
				717229B91C097A92003ED793 /* Debug */,
				717229BA1C097A92003ED793 /* Release */,
			);
			defaultConfigurationIsVisible = 0;
			defaultConfigurationName = Release;
		};
/* End XCConfigurationList section */

/* Begin XCVersionGroup section */
		717229991C097A92003ED793 /* CoreData.xcdatamodeld */ = {
			isa = XCVersionGroup;
			children = (
				7172299A1C097A92003ED793 /* CoreData.xcdatamodel */,
			);
			currentVersion = 7172299A1C097A92003ED793 /* CoreData.xcdatamodel */;
			path = CoreData.xcdatamodeld;
			sourceTree = "<group>";
			versionGroupType = wrapper.xcdatamodel;
		};
/* End XCVersionGroup section */
	};
	rootObject = 717229871C097A92003ED793 /* Project object */;
}
